{
  "lockfileVersion": 1,
  "dependencies": {
    "asn1": {
      "version": "0.2.3",
      "resolved": "https://registry.npmjs.org/asn1/-/asn1-0.2.3.tgz",
      "integrity": "sha1-2sh4dxPJlmhJ/IGAd36+nB3fO4Y="
    },
    "bindings": {
      "version": "1.2.1",
      "resolved": "https://registry.npmjs.org/bindings/-/bindings-1.2.1.tgz",
      "integrity": "sha1-FK1hE4EtLTfXLme0ystLtyZQXxE="
    },
    "bl": {
      "version": "0.9.5",
      "resolved": "https://registry.npmjs.org/bl/-/bl-0.9.5.tgz",
      "integrity": "sha1-wGt5evCF6gC8Unr8jvzxHeIjIFQ="
    },
    "core-util-is": {
      "version": "1.0.2",
      "resolved": "https://registry.npmjs.org/core-util-is/-/core-util-is-1.0.2.tgz",
      "integrity": "sha1-tf1UIgqivFq1eqtxQMlAdUUDwac="
    },
    "debug": {
      "version": "2.6.8",
      "resolved": "https://registry.npmjs.org/debug/-/debug-2.6.8.tgz",
      "integrity": "sha1-5zFTHKLt4n0YgiJCfaF4IdaP9Pw="
    },
    "discord.js": {
      "version": "11.1.0",
      "resolved": "https://registry.npmjs.org/discord.js/-/discord.js-11.1.0.tgz",
      "integrity": "sha1-U1HVnjeY9TbeGXXpLK5NEa89kmY="
    },
    "extend": {
      "version": "1.2.1",
      "resolved": "https://registry.npmjs.org/extend/-/extend-1.2.1.tgz",
      "integrity": "sha1-oPX9bPyDpf5J72mNYOyKYk3UV2w="
    },
    "inherits": {
      "version": "2.0.3",
      "resolved": "https://registry.npmjs.org/inherits/-/inherits-2.0.3.tgz",
      "integrity": "sha1-Yzwsg+PaQqUC9SRmAiSA9CCCYd4="
    },
    "isarray": {
      "version": "0.0.1",
      "resolved": "https://registry.npmjs.org/isarray/-/isarray-0.0.1.tgz",
      "integrity": "sha1-ihis/Kmo9Bd+Cav8YDiTmwXR7t8="
    },
    "long": {
      "version": "3.2.0",
      "resolved": "https://registry.npmjs.org/long/-/long-3.2.0.tgz",
      "integrity": "sha1-2CG3E4yhy1gcFymQ7xTbIAtcR0s="
    },
    "ms": {
      "version": "2.0.0",
      "resolved": "https://registry.npmjs.org/ms/-/ms-2.0.0.tgz",
      "integrity": "sha1-VgiurfwAvmwpAd9fmGF4jeDVl8g="
    },
    "nan": {
      "version": "2.6.2",
      "resolved": "https://registry.npmjs.org/nan/-/nan-2.6.2.tgz",
      "integrity": "sha1-5P805slf37WuzAjeZZb0NgWn20U="
    },
    "node-opus": {
      "version": "0.2.6",
      "resolved": "https://registry.npmjs.org/node-opus/-/node-opus-0.2.6.tgz",
      "integrity": "sha1-Gc0rmdmLyxN4YHuViYQQV/DJBZA="
    },
    "ogg-packet": {
      "version": "1.0.0",
      "resolved": "https://registry.npmjs.org/ogg-packet/-/ogg-packet-1.0.0.tgz",
      "integrity": "sha1-RbiFchrI991c8iOR1CEGrlM6xng="
    },
    "once": {
      "version": "1.4.0",
      "resolved": "https://registry.npmjs.org/once/-/once-1.4.0.tgz",
      "integrity": "sha1-WDsap3WWHUsROsF9nFC6753Xa9E="
    },
    "prism-media": {
      "version": "0.0.1",
      "resolved": "https://registry.npmjs.org/prism-media/-/prism-media-0.0.1.tgz",
      "integrity": "sha1-o0JcnKvVDRxsAuVDlBoRiVZnvRA="
    },
    "pty.js": {
      "version": "0.3.1",
      "resolved": "https://registry.npmjs.org/pty.js/-/pty.js-0.3.1.tgz",
      "integrity": "sha1-gfW+0zLW5eeraFaI0boDc0ENUbU=",
      "dependencies": {
        "nan": {
          "version": "2.3.5",
          "resolved": "https://registry.npmjs.org/nan/-/nan-2.3.5.tgz",
          "integrity": "sha1-gioNwmYpDOTNOhIoLKPn42Rmigg="
        }
      }
    },
    "readable-stream": {
      "version": "1.0.34",
      "resolved": "https://registry.npmjs.org/readable-stream/-/readable-stream-1.0.34.tgz",
      "integrity": "sha1-Elgg40vIQtLyqq+v5MKRbuMsFXw="
    },
    "ref": {
      "version": "1.3.4",
      "resolved": "https://registry.npmjs.org/ref/-/ref-1.3.4.tgz",
      "integrity": "sha1-ck0r+KyF+MjbGU09hb5u/kFrweU="
    },
    "ref-struct": {
      "version": "1.1.0",
      "resolved": "https://registry.npmjs.org/ref-struct/-/ref-struct-1.1.0.tgz",
      "integrity": "sha1-XV7mWtQc78Olxf60BYcmHkee3BM="
    },
    "safe-buffer": {
      "version": "5.0.1",
      "resolved": "https://registry.npmjs.org/safe-buffer/-/safe-buffer-5.0.1.tgz",
      "integrity": "sha1-0mPKVGls2KMGtcplUekt5XkY++c="
    },
    "semver": {
      "version": "5.3.0",
      "resolved": "https://registry.npmjs.org/semver/-/semver-5.3.0.tgz",
      "integrity": "sha1-myzl094C0XxgEq0yaqa00M9U+U8="
    },
    "sequest": {
      "version": "0.10.0",
      "resolved": "https://registry.npmjs.org/sequest/-/sequest-0.10.0.tgz",
      "integrity": "sha512-XeIUwIfJg7ADDPmleIKqib1hjxHIHp0FrPGRlZ1K8OSRwVc6tdY1F9EhSseIRi6C316IG0b1N3lkFnCBdv9Y9w==",
      "dependencies": {
        "ssh2": {
          "version": "0.4.15",
          "resolved": "https://registry.npmjs.org/ssh2/-/ssh2-0.4.15.tgz",
          "integrity": "sha1-B8b0EG2fe26m5N9jbGxT8fmBf/g="
        },
        "ssh2-streams": {
          "version": "0.0.23",
          "resolved": "https://registry.npmjs.org/ssh2-streams/-/ssh2-streams-0.0.23.tgz",
          "integrity": "sha1-ru8wgxu1/Er2qj9tCiYaQTUxYSs="
        }
      }
    },
    "snekfetch": {
      "version": "3.2.4",
      "resolved": "https://registry.npmjs.org/snekfetch/-/snekfetch-3.2.4.tgz",
      "integrity": "sha512-vDZYK3cgt0mFLeAzQXNGgAc/8G3AnbqbfuBt1FOaLgYt42BWEi3z3U5tSLGEs+bvO6d5nU7mBbhpi8RIVF2ztw=="
    },
    "ssh2": {
      "version": "0.5.5",
      "resolved": "https://registry.npmjs.org/ssh2/-/ssh2-0.5.5.tgz",
      "integrity": "sha1-x3gezS7OcwSiU89iD6taXCK7IjU="
    },
    "ssh2-streams": {
      "version": "0.1.19",
      "resolved": "https://registry.npmjs.org/ssh2-streams/-/ssh2-streams-0.1.19.tgz",
      "integrity": "sha1-+A7OzC3ho54apkRphR7DK8lrg/k="
    },
    "streamsearch": {
      "version": "0.1.2",
      "resolved": "https://registry.npmjs.org/streamsearch/-/streamsearch-0.1.2.tgz",
      "integrity": "sha1-gIudDlb8Jz2Am6VzOOkpkZoanxo="
    },
    "string_decoder": {
      "version": "0.10.31",
      "resolved": "https://registry.npmjs.org/string_decoder/-/string_decoder-0.10.31.tgz",
      "integrity": "sha1-YuIDvEF2bGwoyfyEMB2rHFMQ+pQ="
    },
    "tweetnacl": {
      "version": "0.14.5",
      "resolved": "https://registry.npmjs.org/tweetnacl/-/tweetnacl-0.14.5.tgz",
      "integrity": "sha1-WuaBd/GS1EViadEIr6k/+HQ/T2Q="
    },
    "ultron": {
      "version": "1.1.0",
      "resolved": "https://registry.npmjs.org/ultron/-/ultron-1.1.0.tgz",
      "integrity": "sha1-sHoualQagV/Go0zNRTO67DB8qGQ="
    },
    "wrappy": {
      "version": "1.0.2",
      "resolved": "https://registry.npmjs.org/wrappy/-/wrappy-1.0.2.tgz",
      "integrity": "sha1-tSQ9jz7BqjXxNkYFvA0QNuMKtp8="
    },
    "ws": {
      "version": "2.3.1",
      "resolved": "https://registry.npmjs.org/ws/-/ws-2.3.1.tgz",
      "integrity": "sha1-a5Sz5EfLajY/eF6vlK9jWejoHIA="
    }
  }
}
